
Microsoft Visual Studio Solution File, Format Version 12.00
# Visual Studio Version 16
VisualStudioVersion = 16.0.31702.278
MinimumVisualStudioVersion = 10.0.40219.1
Project("{FAE04EC0-301F-11D3-BF4B-00C04F79EFBC}") = "p125", "p125\p125.csproj", "{693E2247-0B84-4286-A82C-2A886DD2467C}"
EndProject
Global
	GlobalSection(SolutionConfigurationPlatforms) = preSolution
		Debug|Any CPU = Debug|Any CPU
		Release|Any CPU = Release|Any CPU
	EndGlobalSection
	GlobalSection(ProjectConfigurationPlatforms) = postSolution
		{693E2247-0B84-4286-A82C-2A886DD2467C}.Debug|Any CPU.ActiveCfg = Debug|Any CPU
		{693E2247-0B84-4286-A82C-2A886DD2467C}.Debug|Any CPU.Build.0 = Debug|Any CPU
		{693E2247-0B84-4286-A82C-2A886DD2467C}.Release|Any CPU.ActiveCfg = Release|Any CPU
		{693E2247-0B84-4286-A82C-2A886DD2467C}.Release|Any CPU.Build.0 = Release|Any CPU
	EndGlobalSection
	GlobalSection(SolutionProperties) = preSolution
		HideSolutionNode = FALSE
	EndGlobalSection
	GlobalSection(ExtensibilityGlobals) = postSolution
		SolutionGuid = {68CE90DB-D4C4-48D7-997F-4ED2C0AE822D}
	EndGlobalSection
EndGlobal
